
Microsoft Visual Studio Solution File, Format Version 12.00
# Visual Studio 2012
Project("{FAE04EC0-301F-11D3-BF4B-00C04F79EFBC}") = "GuildChatPrototype", "GuildChatPrototype.csproj", "{936C6608-D8DD-4528-A517-D25184108579}"
EndProject
Global
	GlobalSection(SolutionConfigurationPlatforms) = preSolution
		Debug|Any CPU = Debug|Any CPU
		Release|Any CPU = Release|Any CPU
	EndGlobalSection
	GlobalSection(ProjectConfigurationPlatforms) = postSolution
		{936C6608-D8DD-4528-A517-D25184108579}.Debug|Any CPU.ActiveCfg = Debug|Any CPU
		{936C6608-D8DD-4528-A517-D25184108579}.Debug|Any CPU.Build.0 = Debug|Any CPU
		{936C6608-D8DD-4528-A517-D25184108579}.Release|Any CPU.ActiveCfg = Release|Any CPU
		{936C6608-D8DD-4528-A517-D25184108579}.Release|Any CPU.Build.0 = Release|Any CPU
	EndGlobalSection
	GlobalSection(SolutionProperties) = preSolution
		HideSolutionNode = FALSE
	EndGlobalSection
EndGlobal
